{
  "version": 4,
  "terraform_version": "1.3.0",
  "serial": 24,
  "lineage": "9dcd1de7-2c2c-944b-98e0-f55788c730df",
  "outputs": {},
  "resources": [
    {
      "module": "module.ec2-ready",
      "mode": "managed",
      "type": "aws_instance",
      "name": "myec2",
      "provider": "provider[\"registry.terraform.io/hashicorp/aws\"]",
      "instances": [
        {
          "schema_version": 1,
          "attributes": {
            "ami": "ami-0574da719dca65348",
            "arn": "arn:aws:ec2:us-east-1:180742970069:instance/i-0008daeeb84ccdbae",
            "associate_public_ip_address": true,
            "availability_zone": "us-east-1f",
            "capacity_reservation_specification": [
              {
                "capacity_reservation_preference": "open",
                "capacity_reservation_target": []
              }
            ],
            "cpu_core_count": 2,
            "cpu_threads_per_core": 1,
            "credit_specification": [
              {
                "cpu_credits": "standard"
              }
            ],
            "disable_api_stop": false,
            "disable_api_termination": false,
            "ebs_block_device": [],
            "ebs_optimized": false,
            "enclave_options": [
              {
                "enabled": false
              }
            ],
            "ephemeral_block_device": [],
            "get_password_data": false,
            "hibernation": false,
            "host_id": null,
            "host_resource_group_arn": null,
            "iam_instance_profile": "",
            "id": "i-0008daeeb84ccdbae",
            "instance_initiated_shutdown_behavior": "stop",
            "instance_state": "running",
            "instance_type": "t2.medium",
            "ipv6_address_count": 0,
            "ipv6_addresses": [],
            "key_name": "tp-tf_rsa",
            "launch_template": [],
            "maintenance_options": [
              {
                "auto_recovery": "default"
              }
            ],
            "metadata_options": [
              {
                "http_endpoint": "enabled",
                "http_put_response_hop_limit": 1,
                "http_tokens": "optional",
                "instance_metadata_tags": "disabled"
              }
            ],
            "monitoring": false,
            "network_interface": [],
            "outpost_arn": "",
            "password_data": "",
            "placement_group": "",
            "placement_partition_number": null,
            "primary_network_interface_id": "eni-060c96108cae7fc74",
            "private_dns": "ip-172-31-74-96.ec2.internal",
            "private_dns_name_options": [
              {
                "enable_resource_name_dns_a_record": false,
                "enable_resource_name_dns_aaaa_record": false,
                "hostname_type": "ip-name"
              }
            ],
            "private_ip": "172.31.74.96",
            "public_dns": "ec2-35-168-111-94.compute-1.amazonaws.com",
            "public_ip": "35.168.111.94",
            "root_block_device": [
              {
                "delete_on_termination": true,
                "device_name": "/dev/sda1",
                "encrypted": false,
                "iops": 100,
                "kms_key_id": "",
                "tags": {},
                "throughput": 0,
                "volume_id": "vol-0ee4b55113b2e7e1d",
                "volume_size": 8,
                "volume_type": "gp2"
              }
            ],
            "secondary_private_ips": [],
            "security_groups": [
              "mysg"
            ],
            "source_dest_check": true,
            "subnet_id": "subnet-015ffdca66b9c4576",
            "tags": {
              "Name": "myvm"
            },
            "tags_all": {
              "Name": "myvm"
            },
            "tenancy": "default",
            "timeouts": null,
            "user_data": null,
            "user_data_base64": null,
            "user_data_replace_on_change": false,
            "volume_tags": null,
            "vpc_security_group_ids": [
              "sg-056ebdca6ce8e2c78"
            ]
          },
          "sensitive_attributes": [],
          "private": "eyJlMmJmYjczMC1lY2FhLTExZTYtOGY4OC0zNDM2M2JjN2M0YzAiOnsiY3JlYXRlIjo2MDAwMDAwMDAwMDAsImRlbGV0ZSI6MTIwMDAwMDAwMDAwMCwidXBkYXRlIjo2MDAwMDAwMDAwMDB9LCJzY2hlbWFfdmVyc2lvbiI6IjEifQ==",
          "dependencies": [
            "module.ec2-ready.aws_key_pair.myssh-key",
            "module.ec2-ready.aws_security_group.my-sg"
          ]
        }
      ]
    },
    {
      "module": "module.ec2-ready",
      "mode": "managed",
      "type": "aws_key_pair",
      "name": "myssh-key",
      "provider": "provider[\"registry.terraform.io/hashicorp/aws\"]",
      "instances": [
        {
          "schema_version": 1,
          "attributes": {
            "arn": "arn:aws:ec2:us-east-1:180742970069:key-pair/tp-tf_rsa",
            "fingerprint": "83:33:5d:66:bb:17:f0:99:e8:04:bc:a5:ac:71:c1:64",
            "id": "tp-tf_rsa",
            "key_name": "tp-tf_rsa",
            "key_name_prefix": "",
            "key_pair_id": "key-0e4836a4eb02e0330",
            "key_type": "rsa",
            "public_key": "ssh-rsa AAAAB3NzaC1yc2EAAAADAQABAAABgQC5xjjITR/QqCc2WEvKuZE4MdquP8qYXCG5DQmbE9Jy3Ct4o0JITLZ8ye0ZG1sWAtLVd/xXdR5n4aDiMoWBKGN5Ts4TQGhMIl6/g6qFdMCbTJA3p/x8nae08/V1Naa5gluMY1rtELBRt6ATNU3JDfm9zvI5vOeLTpjyv7NqxAzkTfMa7rw3+eXxRNfOEcfTPEmYz1d0hqdY/3W+IEyUDR5sQfS984FUySVcEdxxWliDYlBTT/CYG6Xj7tIJFS2kBpX8pI5vmQ5pAvR0AvnrmDXf4BEgJP0IInzuKi7To503v79s/pYQhOz0ZnvG/+opkxhhSImXcRhSI+fwtHSw6YBVsBnGZgfvBob3yzv4gUJ6fu0wkVTm4uGttgGgq8+MOWbtD0ykfHshshMvarDMzNkspVaU3ysBa7xDEKId+9g8MQAGJiaaGRE5pN4lFoqkcvitkX3JV9L+bJcw+IKwRleqGMpx7F1VUyTeVQU67/QWa7Q6qktcgWnUFiz0SZtnJuk= victor@DESKTOP-LR56BFR",
            "tags": {},
            "tags_all": {}
          },
          "sensitive_attributes": [],
          "private": "eyJzY2hlbWFfdmVyc2lvbiI6IjEifQ=="
        }
      ]
    },
    {
      "module": "module.ec2-ready",
      "mode": "managed",
      "type": "aws_security_group",
      "name": "my-sg",
      "provider": "provider[\"registry.terraform.io/hashicorp/aws\"]",
      "instances": [
        {
          "schema_version": 1,
          "attributes": {
            "arn": "arn:aws:ec2:us-east-1:180742970069:security-group/sg-056ebdca6ce8e2c78",
            "description": "Managed by Terraform",
            "egress": [
              {
                "cidr_blocks": [
                  "0.0.0.0/0"
                ],
                "description": "Allow connection to any internet service",
                "from_port": 0,
                "ipv6_cidr_blocks": [],
                "prefix_list_ids": [],
                "protocol": "-1",
                "security_groups": [],
                "self": false,
                "to_port": 0
              }
            ],
            "id": "sg-056ebdca6ce8e2c78",
            "ingress": [
              {
                "cidr_blocks": [
                  "0.0.0.0/0"
                ],
                "description": "Autoriser SSH",
                "from_port": 22,
                "ipv6_cidr_blocks": [],
                "prefix_list_ids": [],
                "protocol": "tcp",
                "security_groups": [],
                "self": false,
                "to_port": 22
              }
            ],
            "name": "mysg",
            "name_prefix": "",
            "owner_id": "180742970069",
            "revoke_rules_on_delete": false,
            "tags": {},
            "tags_all": {},
            "timeouts": null,
            "vpc_id": "vpc-0317a57d04c5a3825"
          },
          "sensitive_attributes": [],
          "private": "eyJlMmJmYjczMC1lY2FhLTExZTYtOGY4OC0zNDM2M2JjN2M0YzAiOnsiY3JlYXRlIjo2MDAwMDAwMDAwMDAsImRlbGV0ZSI6OTAwMDAwMDAwMDAwfSwic2NoZW1hX3ZlcnNpb24iOiIxIn0="
        }
      ]
    }
  ],
  "check_results": []
}
